{
    "requires": true,
    "lockfileVersion": 1,
    "dependencies": {
        "nativescript-dom": {
            "version": "2.0.2",
            "resolved": "https://registry.npmjs.org/nativescript-dom/-/nativescript-dom-2.0.2.tgz",
            "integrity": "sha512-VEY1X10QRZlJEeZUdrwrGoslKqeS03BloaL5OWaXeHmdtmgzaTo3yjIg4ZJOLFWpHme3xAmn+mEn5HLtUJH+NQ=="
        },
        "nativescript-drop-down": {
            "version": "4.0.1",
            "resolved": "https://registry.npmjs.org/nativescript-drop-down/-/nativescript-drop-down-4.0.1.tgz",
            "integrity": "sha512-pfmKFhyflZxzXs1vVDm570ZBDgrZO7GNUOHJcZCVdAMa5SSMUC4LiXzC4JHzR/zAIaKKv5Xu7i5zbfmCIn8dNg=="
        },
        "nativescript-exoplayer": {
            "version": "3.4.1",
            "resolved": "https://registry.npmjs.org/nativescript-exoplayer/-/nativescript-exoplayer-3.4.1.tgz",
            "integrity": "sha512-qSZjeIVvvxIuE+fiO9LrnBjAqpGmgkVtBQT8rcRLHse43Uc7WmAsyurOl+Juba23nRzMUKtz/ywlGACzqlwYzg=="
        },
        "nativescript-globalevents": {
            "version": "1.2.2",
            "resolved": "https://registry.npmjs.org/nativescript-globalevents/-/nativescript-globalevents-1.2.2.tgz",
            "integrity": "sha512-fX1QEe5qnhDnfHPToDisY64sIqi3A5YQc7mW6TNs1iOTSBS0oMRiq2rRLy3DnPrkEVxRYAaL9yCKDkbD12W7UQ=="
        },
        "nativescript-orientation": {
            "version": "2.2.1",
            "resolved": "https://registry.npmjs.org/nativescript-orientation/-/nativescript-orientation-2.2.1.tgz",
            "integrity": "sha512-VnQ6QTzyAex6arb5Pw6GXSFZzyj/KkAI6gdkLApFiwQq6pi/wYoTGTxL28zFCDb22J669wnZHEZeedfrWgu22g==",
            "requires": {
                "nativescript-dom": "2.0.2",
                "nativescript-globalevents": "1.2.2"
            }
        },
        "nativescript-permissions": {
            "version": "1.2.3",
            "resolved": "https://registry.npmjs.org/nativescript-permissions/-/nativescript-permissions-1.2.3.tgz",
            "integrity": "sha1-4+ZVRfmP5IjdVXj3/5DrrjCI5wA="
        },
        "nativescript-screen-orientation": {
            "version": "2.0.0",
            "resolved": "https://registry.npmjs.org/nativescript-screen-orientation/-/nativescript-screen-orientation-2.0.0.tgz",
            "integrity": "sha1-GOiyBe3+6yHKTMeeWPqh/0b2fjI="
        },
        "nativescript-telerik-ui": {
            "version": "3.1.4",
            "resolved": "https://registry.npmjs.org/nativescript-telerik-ui/-/nativescript-telerik-ui-3.1.4.tgz",
            "integrity": "sha1-bE5Jzg4VvIlbKZz0gRb44s5ZStE="
        },
        "nativescript-theme-core": {
            "version": "1.0.4",
            "resolved": "https://registry.npmjs.org/nativescript-theme-core/-/nativescript-theme-core-1.0.4.tgz",
            "integrity": "sha1-zyiAx/vy/l9D4iNdMJdQeQgD7+E="
        },
        "nativescript-toast": {
            "version": "1.4.6",
            "resolved": "https://registry.npmjs.org/nativescript-toast/-/nativescript-toast-1.4.6.tgz",
            "integrity": "sha1-USRkJRAozyeMlM/89lr4zA965Po="
        },
        "nativescript-videoplayer": {
            "version": "4.2.0",
            "resolved": "https://registry.npmjs.org/nativescript-videoplayer/-/nativescript-videoplayer-4.2.0.tgz",
            "integrity": "sha512-hH4RXPL3TEXczqSH055VG4hI38BhVjLL48GUQBJ1ZodVXPGM3Us0txmq2hZ0N6aES73whRn++CVUI4dLpBLQCw=="
        },
        "nativescript-vidplayer": {
            "version": "1.0.7",
            "resolved": "https://registry.npmjs.org/nativescript-vidplayer/-/nativescript-vidplayer-1.0.7.tgz",
            "integrity": "sha1-nw4tORH42UyIp0/1QiYnUrzCOXk=",
            "requires": {
                "nativescript-screen-orientation": "1.0.2"
            },
            "dependencies": {
                "nativescript-screen-orientation": {
                    "version": "1.0.2",
                    "resolved": "https://registry.npmjs.org/nativescript-screen-orientation/-/nativescript-screen-orientation-1.0.2.tgz",
                    "integrity": "sha1-CO16/6Q3sOSD1eoHRsZou74QG1I="
                }
            }
        },
        "tns-core-modules": {
            "version": "4.2.0",
            "resolved": "https://registry.npmjs.org/tns-core-modules/-/tns-core-modules-4.2.0.tgz",
            "integrity": "sha512-tEbQfeXVp6i9RJAmC+erd63mr6NYw5nX/gzYDVb1Va52/Jdj9ZeGbXKAPyjVXZ3BGI6O9QM1jQUem/Ow6v5FqQ==",
            "requires": {
                "tns-core-modules-widgets": "4.2.0"
            }
        },
        "tns-core-modules-snapshot": {
            "version": "2.5.3-5.5.372.32",
            "resolved": "https://registry.npmjs.org/tns-core-modules-snapshot/-/tns-core-modules-snapshot-2.5.3-5.5.372.32.tgz",
            "integrity": "sha1-kl/uPVtpx+XluXLiyuT4/32Zk+g="
        },
        "tns-core-modules-widgets": {
            "version": "4.2.0",
            "resolved": "https://registry.npmjs.org/tns-core-modules-widgets/-/tns-core-modules-widgets-4.2.0.tgz",
            "integrity": "sha512-0YlfWN1Wy2qFlnzwrwit910whA9TC9en1PxS/5Yx63lL9uXHyOB53C8POnKfM82YUFVPxifcpuYtCC7+DBXbag=="
        }
    }
}
